
Microsoft Visual Studio Solution File, Format Version 12.00
# Visual Studio Version 17
VisualStudioVersion = 17.13.35913.81 d17.13
MinimumVisualStudioVersion = 10.0.40219.1
Project("{FAE04EC0-301F-11D3-BF4B-00C04F79EFBC}") = "Question4", "Question4\Question4.csproj", "{3D00257C-E673-4DE0-9A4D-452B253E8AE5}"
EndProject
Global
	GlobalSection(SolutionConfigurationPlatforms) = preSolution
		Debug|Any CPU = Debug|Any CPU
		Release|Any CPU = Release|Any CPU
	EndGlobalSection
	GlobalSection(ProjectConfigurationPlatforms) = postSolution
		{3D00257C-E673-4DE0-9A4D-452B253E8AE5}.Debug|Any CPU.ActiveCfg = Debug|Any CPU
		{3D00257C-E673-4DE0-9A4D-452B253E8AE5}.Debug|Any CPU.Build.0 = Debug|Any CPU
		{3D00257C-E673-4DE0-9A4D-452B253E8AE5}.Release|Any CPU.ActiveCfg = Release|Any CPU
		{3D00257C-E673-4DE0-9A4D-452B253E8AE5}.Release|Any CPU.Build.0 = Release|Any CPU
	EndGlobalSection
	GlobalSection(SolutionProperties) = preSolution
		HideSolutionNode = FALSE
	EndGlobalSection
	GlobalSection(ExtensibilityGlobals) = postSolution
		SolutionGuid = {C5A4B09E-8CEB-49B1-AB64-0767EFFF013D}
	EndGlobalSection
EndGlobal
